
Microsoft Visual Studio Solution File, Format Version 12.00
# Visual Studio Version 16
VisualStudioVersion = 16.0.30320.27
MinimumVisualStudioVersion = 10.0.40219.1
Project("{8BC9CEB8-8B4A-11D0-8D11-00A0C91BC942}") = "WEEK04-1", "WEEK04-1\WEEK04-1.vcxproj", "{D7593CFC-8B32-4C58-AA63-32FDD02F1D1F}"
EndProject
Global
	GlobalSection(SolutionConfigurationPlatforms) = preSolution
		Debug|x64 = Debug|x64
		Debug|x86 = Debug|x86
		Release|x64 = Release|x64
		Release|x86 = Release|x86
	EndGlobalSection
	GlobalSection(ProjectConfigurationPlatforms) = postSolution
		{D7593CFC-8B32-4C58-AA63-32FDD02F1D1F}.Debug|x64.ActiveCfg = Debug|x64
		{D7593CFC-8B32-4C58-AA63-32FDD02F1D1F}.Debug|x64.Build.0 = Debug|x64
		{D7593CFC-8B32-4C58-AA63-32FDD02F1D1F}.Debug|x86.ActiveCfg = Debug|Win32
		{D7593CFC-8B32-4C58-AA63-32FDD02F1D1F}.Debug|x86.Build.0 = Debug|Win32
		{D7593CFC-8B32-4C58-AA63-32FDD02F1D1F}.Release|x64.ActiveCfg = Release|x64
		{D7593CFC-8B32-4C58-AA63-32FDD02F1D1F}.Release|x64.Build.0 = Release|x64
		{D7593CFC-8B32-4C58-AA63-32FDD02F1D1F}.Release|x86.ActiveCfg = Release|Win32
		{D7593CFC-8B32-4C58-AA63-32FDD02F1D1F}.Release|x86.Build.0 = Release|Win32
	EndGlobalSection
	GlobalSection(SolutionProperties) = preSolution
		HideSolutionNode = FALSE
	EndGlobalSection
	GlobalSection(ExtensibilityGlobals) = postSolution
		SolutionGuid = {DB2B643C-5246-4408-AD3F-D5EAD017078E}
	EndGlobalSection
EndGlobal
